// !$*UTF8*$!
{
	archiveVersion = 1;
	classes = {
	};
	objectVersion = 46;
	objects = {

/* Begin PBXBuildFile section */
		3F0ED4111C5C82CA0005251E /* Main.storyboard in Resources */ = {isa = PBXBuildFile; fileRef = 3F0ED4101C5C82CA0005251E /* Main.storyboard */; };
		3F0ED4131C5D41490005251E /* GameplayScene.swift in Sources */ = {isa = PBXBuildFile; fileRef = 3F0ED4121C5D41490005251E /* GameplayScene.swift */; };
		3F0ED4151C5D41960005251E /* GameplayViewController.swift in Sources */ = {isa = PBXBuildFile; fileRef = 3F0ED4141C5D41960005251E /* GameplayViewController.swift */; };
		3F0ED4191C5D4C620005251E /* sprites.atlas in Resources */ = {isa = PBXBuildFile; fileRef = 3F0ED4181C5D4C620005251E /* sprites.atlas */; };
		D0D6F6681C5C7C500065AE1C /* AppDelegate.swift in Sources */ = {isa = PBXBuildFile; fileRef = D0D6F6671C5C7C500065AE1C /* AppDelegate.swift */; };
		D0D6F6731C5C7C500065AE1C /* Assets.xcassets in Resources */ = {isa = PBXBuildFile; fileRef = D0D6F6721C5C7C500065AE1C /* Assets.xcassets */; };
		D0D6F6761C5C7C500065AE1C /* LaunchScreen.storyboard in Resources */ = {isa = PBXBuildFile; fileRef = D0D6F6741C5C7C500065AE1C /* LaunchScreen.storyboard */; };
		D0D6F6A01C5D3F840065AE1C /* MainMenuScene.swift in Sources */ = {isa = PBXBuildFile; fileRef = D0D6F69F1C5D3F840065AE1C /* MainMenuScene.swift */; };
/* End PBXBuildFile section */

/* Begin PBXFileReference section */
		3F0ED4101C5C82CA0005251E /* Main.storyboard */ = {isa = PBXFileReference; fileEncoding = 4; lastKnownFileType = file.storyboard; path = Main.storyboard; sourceTree = "<group>"; };
		3F0ED4121C5D41490005251E /* GameplayScene.swift */ = {isa = PBXFileReference; fileEncoding = 4; lastKnownFileType = sourcecode.swift; path = GameplayScene.swift; sourceTree = "<group>"; };
		3F0ED4141C5D41960005251E /* GameplayViewController.swift */ = {isa = PBXFileReference; fileEncoding = 4; lastKnownFileType = sourcecode.swift; path = GameplayViewController.swift; sourceTree = "<group>"; };
		3F0ED4181C5D4C620005251E /* sprites.atlas */ = {isa = PBXFileReference; lastKnownFileType = folder.skatlas; path = sprites.atlas; sourceTree = "<group>"; };
		D0D6F6641C5C7C500065AE1C /* Lightkeeper.app */ = {isa = PBXFileReference; explicitFileType = wrapper.application; includeInIndex = 0; path = Lightkeeper.app; sourceTree = BUILT_PRODUCTS_DIR; };
		D0D6F6671C5C7C500065AE1C /* AppDelegate.swift */ = {isa = PBXFileReference; lastKnownFileType = sourcecode.swift; path = AppDelegate.swift; sourceTree = "<group>"; };
		D0D6F6721C5C7C500065AE1C /* Assets.xcassets */ = {isa = PBXFileReference; lastKnownFileType = folder.assetcatalog; path = Assets.xcassets; sourceTree = "<group>"; };
		D0D6F6751C5C7C500065AE1C /* Base */ = {isa = PBXFileReference; lastKnownFileType = file.storyboard; name = Base; path = Base.lproj/LaunchScreen.storyboard; sourceTree = "<group>"; };
		D0D6F6771C5C7C500065AE1C /* Info.plist */ = {isa = PBXFileReference; lastKnownFileType = text.plist.xml; path = Info.plist; sourceTree = "<group>"; };
		D0D6F69F1C5D3F840065AE1C /* MainMenuScene.swift */ = {isa = PBXFileReference; fileEncoding = 4; lastKnownFileType = sourcecode.swift; path = MainMenuScene.swift; sourceTree = "<group>"; };
/* End PBXFileReference section */

/* Begin PBXFrameworksBuildPhase section */
		D0D6F6611C5C7C500065AE1C /* Frameworks */ = {
			isa = PBXFrameworksBuildPhase;
			buildActionMask = 2147483647;
			files = (
			);
			runOnlyForDeploymentPostprocessing = 0;
		};
/* End PBXFrameworksBuildPhase section */

/* Begin PBXGroup section */
		D0D6F65B1C5C7C500065AE1C = {
			isa = PBXGroup;
			children = (
				D0D6F6661C5C7C500065AE1C /* Lightkeeper */,
				D0D6F6651C5C7C500065AE1C /* Products */,
			);
			sourceTree = "<group>";
		};
		D0D6F6651C5C7C500065AE1C /* Products */ = {
			isa = PBXGroup;
			children = (
				D0D6F6641C5C7C500065AE1C /* Lightkeeper.app */,
			);
			name = Products;
			sourceTree = "<group>";
		};
		D0D6F6661C5C7C500065AE1C /* Lightkeeper */ = {
			isa = PBXGroup;
			children = (
				3F0ED4181C5D4C620005251E /* sprites.atlas */,
				3F0ED4101C5C82CA0005251E /* Main.storyboard */,
				3F0ED4141C5D41960005251E /* GameplayViewController.swift */,
				D0D6F6671C5C7C500065AE1C /* AppDelegate.swift */,
				D0D6F69F1C5D3F840065AE1C /* MainMenuScene.swift */,
				3F0ED4121C5D41490005251E /* GameplayScene.swift */,
				D0D6F6721C5C7C500065AE1C /* Assets.xcassets */,
				D0D6F6741C5C7C500065AE1C /* LaunchScreen.storyboard */,
				D0D6F6771C5C7C500065AE1C /* Info.plist */,
			);
			path = Lightkeeper;
			sourceTree = "<group>";
		};
/* End PBXGroup section */

/* Begin PBXNativeTarget section */
		D0D6F6631C5C7C500065AE1C /* Lightkeeper */ = {
			isa = PBXNativeTarget;
			buildConfigurationList = D0D6F67A1C5C7C500065AE1C /* Build configuration list for PBXNativeTarget "Lightkeeper" */;
			buildPhases = (
				D0D6F6601C5C7C500065AE1C /* Sources */,
				D0D6F6611C5C7C500065AE1C /* Frameworks */,
				D0D6F6621C5C7C500065AE1C /* Resources */,
			);
			buildRules = (
			);
			dependencies = (
			);
			name = Lightkeeper;
			productName = Lightkeeper;
			productReference = D0D6F6641C5C7C500065AE1C /* Lightkeeper.app */;
			productType = "com.apple.product-type.application";
		};
/* End PBXNativeTarget section */

/* Begin PBXProject section */
		D0D6F65C1C5C7C500065AE1C /* Project object */ = {
			isa = PBXProject;
			attributes = {
				LastSwiftUpdateCheck = 0720;
				LastUpgradeCheck = 0720;
				ORGANIZATIONNAME = GGJ2016;
				TargetAttributes = {
					D0D6F6631C5C7C500065AE1C = {
						CreatedOnToolsVersion = 7.2;
					};
				};
			};
			buildConfigurationList = D0D6F65F1C5C7C500065AE1C /* Build configuration list for PBXProject "Lightkeeper" */;
			compatibilityVersion = "Xcode 3.2";
			developmentRegion = English;
			hasScannedForEncodings = 0;
			knownRegions = (
				en,
				Base,
			);
			mainGroup = D0D6F65B1C5C7C500065AE1C;
			productRefGroup = D0D6F6651C5C7C500065AE1C /* Products */;
			projectDirPath = "";
			projectRoot = "";
			targets = (
				D0D6F6631C5C7C500065AE1C /* Lightkeeper */,
			);
		};
/* End PBXProject section */

/* Begin PBXResourcesBuildPhase section */
		D0D6F6621C5C7C500065AE1C /* Resources */ = {
			isa = PBXResourcesBuildPhase;
			buildActionMask = 2147483647;
			files = (
				3F0ED4111C5C82CA0005251E /* Main.storyboard in Resources */,
				D0D6F6761C5C7C500065AE1C /* LaunchScreen.storyboard in Resources */,
				3F0ED4191C5D4C620005251E /* sprites.atlas in Resources */,
				D0D6F6731C5C7C500065AE1C /* Assets.xcassets in Resources */,
			);
			runOnlyForDeploymentPostprocessing = 0;
		};
/* End PBXResourcesBuildPhase section */

/* Begin PBXSourcesBuildPhase section */
		D0D6F6601C5C7C500065AE1C /* Sources */ = {
			isa = PBXSourcesBuildPhase;
			buildActionMask = 2147483647;
			files = (
				3F0ED4131C5D41490005251E /* GameplayScene.swift in Sources */,
				3F0ED4151C5D41960005251E /* GameplayViewController.swift in Sources */,
				D0D6F6A01C5D3F840065AE1C /* MainMenuScene.swift in Sources */,
				D0D6F6681C5C7C500065AE1C /* AppDelegate.swift in Sources */,
			);
			runOnlyForDeploymentPostprocessing = 0;
		};
/* End PBXSourcesBuildPhase section */

/* Begin PBXVariantGroup section */
		D0D6F6741C5C7C500065AE1C /* LaunchScreen.storyboard */ = {
			isa = PBXVariantGroup;
			children = (
				D0D6F6751C5C7C500065AE1C /* Base */,
			);
			name = LaunchScreen.storyboard;
			sourceTree = "<group>";
		};
/* End PBXVariantGroup section */

/* Begin XCBuildConfiguration section */
		D0D6F6781C5C7C500065AE1C /* Debug */ = {
			isa = XCBuildConfiguration;
			buildSettings = {
				ALWAYS_SEARCH_USER_PATHS = NO;
				CLANG_CXX_LANGUAGE_STANDARD = "gnu++0x";
				CLANG_CXX_LIBRARY = "libc++";
				CLANG_ENABLE_MODULES = YES;
				CLANG_ENABLE_OBJC_ARC = YES;
				CLANG_WARN_BOOL_CONVERSION = YES;
				CLANG_WARN_CONSTANT_CONVERSION = YES;
				CLANG_WARN_DIRECT_OBJC_ISA_USAGE = YES_ERROR;
				CLANG_WARN_EMPTY_BODY = YES;
				CLANG_WARN_ENUM_CONVERSION = YES;
				CLANG_WARN_INT_CONVERSION = YES;
				CLANG_WARN_OBJC_ROOT_CLASS = YES_ERROR;
				CLANG_WARN_UNREACHABLE_CODE = YES;
				CLANG_WARN__DUPLICATE_METHOD_MATCH = YES;
				"CODE_SIGN_IDENTITY[sdk=iphoneos*]" = "iPhone Developer";
				COPY_PHASE_STRIP = NO;
				DEBUG_INFORMATION_FORMAT = "dwarf-with-dsym";
				ENABLE_STRICT_OBJC_MSGSEND = YES;
				ENABLE_TESTABILITY = YES;
				GCC_C_LANGUAGE_STANDARD = gnu99;
				GCC_DYNAMIC_NO_PIC = NO;
				GCC_NO_COMMON_BLOCKS = YES;
				GCC_OPTIMIZATION_LEVEL = 0;
				GCC_PREPROCESSOR_DEFINITIONS = (
					"DEBUG=1",
					"$(inherited)",
				);
				GCC_WARN_64_TO_32_BIT_CONVERSION = YES;
				GCC_WARN_ABOUT_RETURN_TYPE = YES_ERROR;
				GCC_WARN_UNDECLARED_SELECTOR = YES;
				GCC_WARN_UNINITIALIZED_AUTOS = YES_AGGRESSIVE;
				GCC_WARN_UNUSED_FUNCTION = YES;
				GCC_WARN_UNUSED_VARIABLE = YES;
				IPHONEOS_DEPLOYMENT_TARGET = 9.2;
				MTL_ENABLE_DEBUG_INFO = YES;
				ONLY_ACTIVE_ARCH = YES;
				SDKROOT = iphoneos;
				SWIFT_OPTIMIZATION_LEVEL = "-Onone";
				TARGETED_DEVICE_FAMILY = "1,2";
			};
			name = Debug;
		};
		D0D6F6791C5C7C500065AE1C /* Release */ = {
			isa = XCBuildConfiguration;
			buildSettings = {
				ALWAYS_SEARCH_USER_PATHS = NO;
				CLANG_CXX_LANGUAGE_STANDARD = "gnu++0x";
				CLANG_CXX_LIBRARY = "libc++";
				CLANG_ENABLE_MODULES = YES;
				CLANG_ENABLE_OBJC_ARC = YES;
				CLANG_WARN_BOOL_CONVERSION = YES;
				CLANG_WARN_CONSTANT_CONVERSION = YES;
				CLANG_WARN_DIRECT_OBJC_ISA_USAGE = YES_ERROR;
				CLANG_WARN_EMPTY_BODY = YES;
				CLANG_WARN_ENUM_CONVERSION = YES;
				CLANG_WARN_INT_CONVERSION = YES;
				CLANG_WARN_OBJC_ROOT_CLASS = YES_ERROR;
				CLANG_WARN_UNREACHABLE_CODE = YES;
				CLANG_WARN__DUPLICATE_METHOD_MATCH = YES;
				"CODE_SIGN_IDENTITY[sdk=iphoneos*]" = "iPhone Developer";
				COPY_PHASE_STRIP = NO;
				DEBUG_INFORMATION_FORMAT = "dwarf-with-dsym";
				ENABLE_NS_ASSERTIONS = NO;
				ENABLE_STRICT_OBJC_MSGSEND = YES;
				GCC_C_LANGUAGE_STANDARD = gnu99;
				GCC_NO_COMMON_BLOCKS = YES;
				GCC_WARN_64_TO_32_BIT_CONVERSION = YES;
				GCC_WARN_ABOUT_RETURN_TYPE = YES_ERROR;
				GCC_WARN_UNDECLARED_SELECTOR = YES;
				GCC_WARN_UNINITIALIZED_AUTOS = YES_AGGRESSIVE;
				GCC_WARN_UNUSED_FUNCTION = YES;
				GCC_WARN_UNUSED_VARIABLE = YES;
				IPHONEOS_DEPLOYMENT_TARGET = 9.2;
				MTL_ENABLE_DEBUG_INFO = NO;
				SDKROOT = iphoneos;
				TARGETED_DEVICE_FAMILY = "1,2";
				VALIDATE_PRODUCT = YES;
			};
			name = Release;
		};
		D0D6F67B1C5C7C500065AE1C /* Debug */ = {
			isa = XCBuildConfiguration;
			buildSettings = {
				ASSETCATALOG_COMPILER_APPICON_NAME = AppIcon;
				CODE_SIGN_IDENTITY = "iPhone Developer";
				"CODE_SIGN_IDENTITY[sdk=iphoneos*]" = "iPhone Developer";
				INFOPLIST_FILE = Lightkeeper/Info.plist;
				LD_RUNPATH_SEARCH_PATHS = "$(inherited) @executable_path/Frameworks";
				PRODUCT_BUNDLE_IDENTIFIER = com.GGJ2016.Lightkeeper;
				PRODUCT_NAME = "$(TARGET_NAME)";
				PROVISIONING_PROFILE = "";
			};
			name = Debug;
		};
		D0D6F67C1C5C7C500065AE1C /* Release */ = {
			isa = XCBuildConfiguration;
			buildSettings = {
				ASSETCATALOG_COMPILER_APPICON_NAME = AppIcon;
				CODE_SIGN_IDENTITY = "iPhone Developer";
				"CODE_SIGN_IDENTITY[sdk=iphoneos*]" = "iPhone Developer";
				INFOPLIST_FILE = Lightkeeper/Info.plist;
				LD_RUNPATH_SEARCH_PATHS = "$(inherited) @executable_path/Frameworks";
				PRODUCT_BUNDLE_IDENTIFIER = com.GGJ2016.Lightkeeper;
				PRODUCT_NAME = "$(TARGET_NAME)";
				PROVISIONING_PROFILE = "";
			};
			name = Release;
		};
/* End XCBuildConfiguration section */

/* Begin XCConfigurationList section */
		D0D6F65F1C5C7C500065AE1C /* Build configuration list for PBXProject "Lightkeeper" */ = {
			isa = XCConfigurationList;
			buildConfigurations = (
				D0D6F6781C5C7C500065AE1C /* Debug */,
				D0D6F6791C5C7C500065AE1C /* Release */,
			);
			defaultConfigurationIsVisible = 0;
			defaultConfigurationName = Release;
		};
		D0D6F67A1C5C7C500065AE1C /* Build configuration list for PBXNativeTarget "Lightkeeper" */ = {
			isa = XCConfigurationList;
			buildConfigurations = (
				D0D6F67B1C5C7C500065AE1C /* Debug */,
				D0D6F67C1C5C7C500065AE1C /* Release */,
			);
			defaultConfigurationIsVisible = 0;
			defaultConfigurationName = Release;
		};
/* End XCConfigurationList section */
	};
	rootObject = D0D6F65C1C5C7C500065AE1C /* Project object */;
}
